
Microsoft Visual Studio Solution File, Format Version 12.00
# Visual Studio 15
Project("{FAE04EC0-301F-11D3-BF4B-00C04F79EFBC}") = "Assembly-CSharp", "Assembly-CSharp.csproj", "{9F61D69D-8E5C-5248-547B-1E16BF9B1242}"
EndProject
Project("{FAE04EC0-301F-11D3-BF4B-00C04F79EFBC}") = "Assembly-CSharp-Editor", "Assembly-CSharp-Editor.csproj", "{A40D1FF6-3A3F-03BD-D311-C6C72461804F}"
EndProject
Global
	GlobalSection(SolutionConfigurationPlatforms) = preSolution
		Debug|Any CPU = Debug|Any CPU
		Release|Any CPU = Release|Any CPU
	EndGlobalSection
	GlobalSection(ProjectConfigurationPlatforms) = postSolution
		{9F61D69D-8E5C-5248-547B-1E16BF9B1242}.Debug|Any CPU.ActiveCfg = Debug|Any CPU
		{9F61D69D-8E5C-5248-547B-1E16BF9B1242}.Debug|Any CPU.Build.0 = Debug|Any CPU
		{9F61D69D-8E5C-5248-547B-1E16BF9B1242}.Release|Any CPU.ActiveCfg = Release|Any CPU
		{9F61D69D-8E5C-5248-547B-1E16BF9B1242}.Release|Any CPU.Build.0 = Release|Any CPU
		{A40D1FF6-3A3F-03BD-D311-C6C72461804F}.Debug|Any CPU.ActiveCfg = Debug|Any CPU
		{A40D1FF6-3A3F-03BD-D311-C6C72461804F}.Debug|Any CPU.Build.0 = Debug|Any CPU
		{A40D1FF6-3A3F-03BD-D311-C6C72461804F}.Release|Any CPU.ActiveCfg = Release|Any CPU
		{A40D1FF6-3A3F-03BD-D311-C6C72461804F}.Release|Any CPU.Build.0 = Release|Any CPU
	EndGlobalSection
	GlobalSection(SolutionProperties) = preSolution
		HideSolutionNode = FALSE
	EndGlobalSection
EndGlobal
